{
  "originHash" : "26069b4c6052a51842d6c1dee6035b66fdcc0bd6050b180f444abc90514fe03a",
  "pins" : [
    {
      "identity" : "cx-ios-sdk",
      "kind" : "remoteSourceControl",
      "location" : "https://github.com/coralogix/cx-ios-sdk",
      "state" : {
        "revision" : "6840bf439dbac23f436ddbc96632df92edb0ee99",
        "version" : "1.0.13"
      }
    }
  ],
  "version" : 3
}
